cookbook 'bskyb-lws-workstation', :path => '/home/ktl01/workspaces/ruby/bskyb-lws-workstation'
cookbook 'minitest-handler', :locked_version => '0.1.7'
cookbook 'ark', :locked_version => '0.1.0'
cookbook 'maven', :git => 'git://github.com/klyall/cookbook-maven.git', :ref => 'e790ffad4714f4cc88cd1c0c9d51ea1c6d85553e'
cookbook 'google-chrome', :git => 'git://github.com/klyall/cookbook-google-chrome.git', :ref => 'fcefb19269927a8d7986d586593bacce3c2f94f9'
cookbook 'eclipse', :git => 'git://github.com/klyall/cookbook-eclipse.git', :ref => '457949e6b063ff4d3afba9c3437d3e5229622ae6'
cookbook 'sqldeveloper', :git => 'git://github.com/klyall/cookbook-sqldeveloper.git', :ref => '8d57ca80ededd1b8e25749e4e790d3ccff45569b'
cookbook 'adobe-reader', :git => 'git://github.com/klyall/cookbook-adobe-reader.git', :ref => '39c4afa26098c68e9f3d24d03a71e66827395c39'
cookbook 'bskyb-hosts-config', :locked_version => '0.2.1'
cookbook 'bskyb-user-config', :locked_version => '0.1.1'
cookbook 'bskyb-oracle', :locked_version => '0.1.1'
cookbook 'bskyb-lws-workstation-cleanup', :locked_version => '0.1.0'
cookbook 'apt', :locked_version => '1.5.0'
cookbook 'ntp', :locked_version => '1.2.0'
cookbook 'timezone-ii', :locked_version => '0.2.0'
cookbook 'java', :locked_version => '1.10.1'
cookbook 'windows', :locked_version => '1.8.4'
cookbook 'chef_handler', :locked_version => '1.1.4'
cookbook 'ant', :locked_version => '1.0.0'
cookbook 'bskyb-maven-config', :locked_version => '0.1.0'
cookbook 'subversion', :locked_version => '1.0.2'
cookbook 'apache2', :locked_version => '1.6.0'
cookbook 'bskyb-refdata', :locked_version => '0.1.0'
cookbook 'yum', :locked_version => '2.0.4'
cookbook 'hostsfile', :locked_version => '1.0.0'
cookbook 'oracle', :locked_version => '0.1.0'
cookbook 'el-sysctl', :locked_version => '0.0.6'
cookbook 'iscsi', :locked_version => '0.0.6'
cookbook 'dbench', :locked_version => '1.0.2'
cookbook 'git', :locked_version => '2.0.0'
cookbook 'build-essential', :locked_version => '1.2.0'
cookbook 'dmg', :locked_version => '1.1.0'
cookbook 'runit', :locked_version => '0.16.0'
cookbook 'multipath', :locked_version => '0.0.8'
cookbook 'x-windows', :locked_version => '0.0.3'
cookbook 'gnome', :locked_version => '0.0.3'
cookbook 'nfs', :locked_version => '0.3.1'
cookbook 'line', :locked_version => '0.2.9'